
Microsoft Visual Studio Solution File, Format Version 9.00
# Visual Studio 2005
Project("{FAE04EC0-301F-11D3-BF4B-00C04F79EFBC}") = "SudokuSolverCSharp", "SudokuSolverCSharp\SudokuSolverCSharp.csproj", "{796F77B3-68B7-4A67-9376-6242AA646318}"
EndProject
Project("{FAE04EC0-301F-11D3-BF4B-00C04F79EFBC}") = "SudokuWin", "SudokuWin\SudokuWin.csproj", "{56035079-C5D7-4B3C-9CE5-01CE8EAF6B6A}"
EndProject
Global
	GlobalSection(SolutionConfigurationPlatforms) = preSolution
		Debug|Any CPU = Debug|Any CPU
		Debug|Mixed Platforms = Debug|Mixed Platforms
		Debug|x86 = Debug|x86
		Release|Any CPU = Release|Any CPU
		Release|Mixed Platforms = Release|Mixed Platforms
		Release|x86 = Release|x86
	EndGlobalSection
	GlobalSection(ProjectConfigurationPlatforms) = postSolution
		{796F77B3-68B7-4A67-9376-6242AA646318}.Debug|Any CPU.ActiveCfg = Debug|Any CPU
		{796F77B3-68B7-4A67-9376-6242AA646318}.Debug|Any CPU.Build.0 = Debug|Any CPU
		{796F77B3-68B7-4A67-9376-6242AA646318}.Debug|Mixed Platforms.ActiveCfg = Debug|Any CPU
		{796F77B3-68B7-4A67-9376-6242AA646318}.Debug|Mixed Platforms.Build.0 = Debug|Any CPU
		{796F77B3-68B7-4A67-9376-6242AA646318}.Debug|x86.ActiveCfg = Debug|Any CPU
		{796F77B3-68B7-4A67-9376-6242AA646318}.Release|Any CPU.ActiveCfg = Release|Any CPU
		{796F77B3-68B7-4A67-9376-6242AA646318}.Release|Any CPU.Build.0 = Release|Any CPU
		{796F77B3-68B7-4A67-9376-6242AA646318}.Release|Mixed Platforms.ActiveCfg = Release|Any CPU
		{796F77B3-68B7-4A67-9376-6242AA646318}.Release|Mixed Platforms.Build.0 = Release|Any CPU
		{796F77B3-68B7-4A67-9376-6242AA646318}.Release|x86.ActiveCfg = Release|Any CPU
		{56035079-C5D7-4B3C-9CE5-01CE8EAF6B6A}.Debug|Any CPU.ActiveCfg = Debug|Any CPU
		{56035079-C5D7-4B3C-9CE5-01CE8EAF6B6A}.Debug|Any CPU.Build.0 = Debug|Any CPU
		{56035079-C5D7-4B3C-9CE5-01CE8EAF6B6A}.Debug|Mixed Platforms.ActiveCfg = Debug|Any CPU
		{56035079-C5D7-4B3C-9CE5-01CE8EAF6B6A}.Debug|Mixed Platforms.Build.0 = Debug|Any CPU
		{56035079-C5D7-4B3C-9CE5-01CE8EAF6B6A}.Debug|x86.ActiveCfg = Debug|Any CPU
		{56035079-C5D7-4B3C-9CE5-01CE8EAF6B6A}.Release|Any CPU.ActiveCfg = Release|Any CPU
		{56035079-C5D7-4B3C-9CE5-01CE8EAF6B6A}.Release|Any CPU.Build.0 = Release|Any CPU
		{56035079-C5D7-4B3C-9CE5-01CE8EAF6B6A}.Release|Mixed Platforms.ActiveCfg = Release|Any CPU
		{56035079-C5D7-4B3C-9CE5-01CE8EAF6B6A}.Release|Mixed Platforms.Build.0 = Release|Any CPU
		{56035079-C5D7-4B3C-9CE5-01CE8EAF6B6A}.Release|x86.ActiveCfg = Release|Any CPU
	EndGlobalSection
	GlobalSection(SolutionProperties) = preSolution
		HideSolutionNode = FALSE
	EndGlobalSection
EndGlobal
